{
    "_readme": [
        "This file locks the dependencies of your project to a known state",
        "Read more about it at https://getcomposer.org/doc/01-basic-usage.md#installing-dependencies",
        "This file is @generated automatically"
    ],
    "content-hash": "88e958c444dc1ec11e8b5ba632f13be4",
    "packages": [
        {
            "name": "trilbdev/bootstrapphp",
            "version": "dev-Master",
            "source": {
                "type": "git",
                "url": "https://github.com/MrTrilB/BootstrapPHP.git",
                "reference": "4f81c7493906d0cc5ef6d5787596fb195e075619"
            },
            "dist": {
                "type": "zip",
                "url": "https://api.github.com/repos/MrTrilB/BootstrapPHP/zipball/4f81c7493906d0cc5ef6d5787596fb195e075619",
                "reference": "4f81c7493906d0cc5ef6d5787596fb195e075619",
                "shasum": ""
            },
            "require": {
                "php": "^8.1",
                "twbs/bootstrap": "5.3.8"
            },
            "default-branch": true,
            "type": "library",
            "extra": {
                "branch-alias": {
                    "dev-master": "1.0.x-dev"
                }
            },
            "autoload": {
                "psr-4": {
                    "BootstrapPHP\\": "src/"
                }
            },
            "notification-url": "https://packagist.org/downloads/",
            "license": [
                "MIT"
            ],
            "authors": [
                {
                    "name": "Anthony Blüthner",
                    "email": "mrtrilb@trilb.dev",
                    "homepage": "https://trilb.dev",
                    "role": "Developer"
                }
            ],
            "description": "Lightweight PHP helpers for rendering Bootstrap assets and components.",
            "homepage": "https://trilb.dev/collection/assets/library/BootstrapPHP/",
            "keywords": [
                "bootstrap",
                "composer",
                "frontend",
                "php"
            ],
            "support": {
                "issues": "https://github.com/MrTrilB/BootstrapPHP/issues",
                "source": "https://github.com/MrTrilB/BootstrapPHP/tree/Master"
            },
            "time": "2026-07-08T16:46:15+00:00"
        },
        {
            "name": "twbs/bootstrap",
            "version": "v5.3.8",
            "source": {
                "type": "git",
                "url": "https://github.com/twbs/bootstrap.git",
                "reference": "25aa8cc0b32f0d1a54be575347e6d84b70b1acd7"
            },
            "dist": {
                "type": "zip",
                "url": "https://api.github.com/repos/twbs/bootstrap/zipball/25aa8cc0b32f0d1a54be575347e6d84b70b1acd7",
                "reference": "25aa8cc0b32f0d1a54be575347e6d84b70b1acd7",
                "shasum": ""
            },
            "replace": {
                "twitter/bootstrap": "self.version"
            },
            "type": "library",
            "notification-url": "https://packagist.org/downloads/",
            "license": [
                "MIT"
            ],
            "authors": [
                {
                    "name": "Mark Otto",
                    "email": "markdotto@gmail.com"
                },
                {
                    "name": "Jacob Thornton",
                    "email": "jacobthornton@gmail.com"
                }
            ],
            "description": "The most popular front-end framework for developing responsive, mobile first projects on the web.",
            "homepage": "https://getbootstrap.com/",
            "keywords": [
                "JS",
                "css",
                "framework",
                "front-end",
                "mobile-first",
                "responsive",
                "sass",
                "web"
            ],
            "support": {
                "issues": "https://github.com/twbs/bootstrap/issues",
                "source": "https://github.com/twbs/bootstrap/tree/v5.3.8"
            },
            "time": "2025-08-26T02:01:02+00:00"
        }
    ],
    "packages-dev": [],
    "aliases": [],
    "minimum-stability": "stable",
    "stability-flags": {
        "trilbdev/bootstrapphp": 20
    },
    "prefer-stable": false,
    "prefer-lowest": false,
    "platform": {},
    "platform-dev": {},
    "plugin-api-version": "2.9.0"
}
