{
    "_readme": [
        "This file locks the dependencies of your project to a known state",
        "Read more about it at https://getcomposer.org/doc/01-basic-usage.md#installing-dependencies",
        "This file is @generated automatically"
    ],
    "content-hash": "e6f69f8956ab7824cf2c0b2e178a3cb9",
    "packages": [
        {
            "name": "fortawesome/wordpress-fontawesome",
            "version": "5.2.1",
            "source": {
                "type": "git",
                "url": "https://github.com/FortAwesome/wordpress-fontawesome.git",
                "reference": "44764164b15e25d00952b612c0277ad51a36e03e"
            },
            "dist": {
                "type": "zip",
                "url": "https://api.github.com/repos/FortAwesome/wordpress-fontawesome/zipball/44764164b15e25d00952b612c0277ad51a36e03e",
                "reference": "44764164b15e25d00952b612c0277ad51a36e03e",
                "shasum": ""
            },
            "require-dev": {
                "dealerdirect/phpcodesniffer-composer-installer": "^1",
                "phpunit/phpunit": "^8 || ^9",
                "squizlabs/php_codesniffer": "^3.10.2",
                "wp-coding-standards/wpcs": "^3.1.0",
                "yoast/phpunit-polyfills": "^1.1",
                "yoast/wp-test-utils": "^1.2"
            },
            "type": "library",
            "notification-url": "https://packagist.org/downloads/",
            "license": [
                "GPL-2.0-or-later"
            ],
            "authors": [
                {
                    "name": "Mike Wilkerson",
                    "email": "mwilkerson@gmail.com",
                    "role": "Developer"
                }
            ],
            "description": "Official Font Awesome WordPress plugin composer package.",
            "homepage": "https://fontawesome.com",
            "keywords": [
                "font awesome",
                "font-awesome",
                "icon",
                "icons",
                "svg",
                "webfont"
            ],
            "support": {
                "email": "hello@fontawesome.com",
                "issues": "https://github.com/FortAwesome/wordpress-fontawesome/issues",
                "source": "https://github.com/FortAwesome/wordpress-fontawesome/tree/5.2.1"
            },
            "time": "2026-07-29T00:40:03+00:00"
        },
        {
            "name": "tinymce/tinymce",
            "version": "8.8.2",
            "source": {
                "type": "git",
                "url": "https://github.com/tinymce/tinymce-dist.git",
                "reference": "e985cd41c60ecda5b7f92cec73fe8f234a6f32ff"
            },
            "dist": {
                "type": "zip",
                "url": "https://api.github.com/repos/tinymce/tinymce-dist/zipball/e985cd41c60ecda5b7f92cec73fe8f234a6f32ff",
                "reference": "e985cd41c60ecda5b7f92cec73fe8f234a6f32ff",
                "shasum": ""
            },
            "type": "component",
            "extra": {
                "component": {
                    "files": [
                        "tinymce.min.js",
                        "plugins/*/plugin.min.js",
                        "themes/*/theme.min.js",
                        "models/*/model.min.js",
                        "skins/**",
                        "icons/*/icons.min.js"
                    ],
                    "scripts": [
                        "tinymce.js",
                        "plugins/*/plugin.js",
                        "themes/*/theme.js",
                        "models/*/model.js",
                        "icons/*/icons.js"
                    ]
                }
            },
            "notification-url": "https://packagist.org/downloads/",
            "license": [
                "SEE LICENSE IN license.md"
            ],
            "description": "Web based JavaScript HTML WYSIWYG editor control.",
            "homepage": "https://www.tiny.cloud/",
            "keywords": [
                "contenteditable",
                "editing",
                "html",
                "javascript",
                "rich editor",
                "rich text",
                "rich text editor",
                "richtext",
                "rte",
                "text",
                "tinymce",
                "wysiwyg"
            ],
            "support": {
                "source": "https://github.com/tinymce/tinymce-dist/tree/8.8.2"
            },
            "time": "2026-07-27T04:10:15+00:00"
        }
    ],
    "packages-dev": [],
    "aliases": [],
    "minimum-stability": "stable",
    "stability-flags": {},
    "prefer-stable": false,
    "prefer-lowest": false,
    "platform": {},
    "platform-dev": {},
    "plugin-api-version": "2.9.0"
}
